{
  "name": "HousinApp",
  "version": "0.0.1",
  "lockfileVersion": 1,
  "requires": true,
  "dependencies": {
    "react-native-image-crop-picker": {
      "version": "0.36.4",
      "resolved": "https://registry.npmjs.org/react-native-image-crop-picker/-/react-native-image-crop-picker-0.36.4.tgz",
      "integrity": "sha512-FOWkYbCEh78V5/aK9HqMSvRnQJtelGwj0UOu1zhE49gO6e4YoKKNBvA15jweAMM/kPA+omDXBIgJaruonoEXGA=="
    }
  }
}
